Microsoft Visual Studio Solution File, Format Version 12.00
# Visual Studio Version 17
VisualStudioVersion = 17.5.2.0
MinimumVisualStudioVersion = 10.0.40219.1
Project("{FAE04EC0-301F-11D3-BF4B-00C04F79EFBC}") = "SobreCarga", "SobreCarga.csproj", "{2DAA3D44-2754-6221-1234-195C58D61E37}"
EndProject
Global
	GlobalSection(SolutionConfigurationPlatforms) = preSolution
		Debug|Any CPU = Debug|Any CPU
		Release|Any CPU = Release|Any CPU
	EndGlobalSection
	GlobalSection(ProjectConfigurationPlatforms) = postSolution
		{2DAA3D44-2754-6221-1234-195C58D61E37}.Debug|Any CPU.ActiveCfg = Debug|Any CPU
		{2DAA3D44-2754-6221-1234-195C58D61E37}.Debug|Any CPU.Build.0 = Debug|Any CPU
		{2DAA3D44-2754-6221-1234-195C58D61E37}.Release|Any CPU.ActiveCfg = Release|Any CPU
		{2DAA3D44-2754-6221-1234-195C58D61E37}.Release|Any CPU.Build.0 = Release|Any CPU
	EndGlobalSection
	GlobalSection(SolutionProperties) = preSolution
		HideSolutionNode = FALSE
	EndGlobalSection
	GlobalSection(ExtensibilityGlobals) = postSolution
		SolutionGuid = {25D61E5A-D8DC-4358-8C22-93FD620803B8}
	EndGlobalSection
EndGlobal
