Microsoft Visual Studio Solution File, Format Version 12.00
# Visual Studio Version 17
VisualStudioVersion = 17.5.2.0
MinimumVisualStudioVersion = 10.0.40219.1
Project("{FAE04EC0-301F-11D3-BF4B-00C04F79EFBC}") = "Interfacers", "Interfacers.csproj", "{1949EDA1-9087-45AA-4837-2D7D090F795E}"
EndProject
Global
	GlobalSection(SolutionConfigurationPlatforms) = preSolution
		Debug|Any CPU = Debug|Any CPU
		Release|Any CPU = Release|Any CPU
	EndGlobalSection
	GlobalSection(ProjectConfigurationPlatforms) = postSolution
		{1949EDA1-9087-45AA-4837-2D7D090F795E}.Debug|Any CPU.ActiveCfg = Debug|Any CPU
		{1949EDA1-9087-45AA-4837-2D7D090F795E}.Debug|Any CPU.Build.0 = Debug|Any CPU
		{1949EDA1-9087-45AA-4837-2D7D090F795E}.Release|Any CPU.ActiveCfg = Release|Any CPU
		{1949EDA1-9087-45AA-4837-2D7D090F795E}.Release|Any CPU.Build.0 = Release|Any CPU
	EndGlobalSection
	GlobalSection(SolutionProperties) = preSolution
		HideSolutionNode = FALSE
	EndGlobalSection
	GlobalSection(ExtensibilityGlobals) = postSolution
		SolutionGuid = {35DB4694-0A5D-48A9-9D81-ECEE988E1F19}
	EndGlobalSection
EndGlobal
