Microsoft Visual Studio Solution File, Format Version 12.00
# Visual Studio Version 17
VisualStudioVersion = 17.5.2.0
MinimumVisualStudioVersion = 10.0.40219.1
Project("{FAE04EC0-301F-11D3-BF4B-00C04F79EFBC}") = "MetodosListas", "MetodosListas.csproj", "{75928C32-1E7E-5141-2294-18779D3A5F00}"
EndProject
Global
	GlobalSection(SolutionConfigurationPlatforms) = preSolution
		Debug|Any CPU = Debug|Any CPU
		Release|Any CPU = Release|Any CPU
	EndGlobalSection
	GlobalSection(ProjectConfigurationPlatforms) = postSolution
		{75928C32-1E7E-5141-2294-18779D3A5F00}.Debug|Any CPU.ActiveCfg = Debug|Any CPU
		{75928C32-1E7E-5141-2294-18779D3A5F00}.Debug|Any CPU.Build.0 = Debug|Any CPU
		{75928C32-1E7E-5141-2294-18779D3A5F00}.Release|Any CPU.ActiveCfg = Release|Any CPU
		{75928C32-1E7E-5141-2294-18779D3A5F00}.Release|Any CPU.Build.0 = Release|Any CPU
	EndGlobalSection
	GlobalSection(SolutionProperties) = preSolution
		HideSolutionNode = FALSE
	EndGlobalSection
	GlobalSection(ExtensibilityGlobals) = postSolution
		SolutionGuid = {A5267538-D7F4-4CE9-9997-1AFA027692A0}
	EndGlobalSection
EndGlobal
